
Microsoft Visual Studio Solution File, Format Version 12.00
# Visual Studio Version 17
VisualStudioVersion = 17.13.35828.75
MinimumVisualStudioVersion = 10.0.40219.1
Project("{FAE04EC0-301F-11D3-BF4B-00C04F79EFBC}") = "HbLibrary", "HbLibrary\HbLibrary.csproj", "{B12FC16D-D5F5-474D-8F6E-4FC1DEA9F797}"
EndProject
Project("{FAE04EC0-301F-11D3-BF4B-00C04F79EFBC}") = "HbLibrary.Test", "HbLibrary.Test\HbLibrary.Test.csproj", "{BF8F9109-E485-42B7-B2E8-69B07FDF337E}"
EndProject
Project("{FAE04EC0-301F-11D3-BF4B-00C04F79EFBC}") = "HBAbstractions", "HBAbstractions\HBAbstractions.csproj", "{274E20A8-4119-4849-AE5B-C762EF30E626}"
EndProject
Project("{FAE04EC0-301F-11D3-BF4B-00C04F79EFBC}") = "HBLoggingService", "HBLoggingService\HBLoggingService.csproj", "{C03D0770-8361-49AF-BF2B-DAD3B75B9FF5}"
EndProject
Project("{FAE04EC0-301F-11D3-BF4B-00C04F79EFBC}") = "HBDBLoggingServer.Test.Integration", "HBDBLoggingServer.Test.Integration\HBDBLoggingServer.Test.Integration.csproj", "{E08D307A-A3B4-4A28-942F-759AA2BD86E5}"
EndProject
Project("{FAE04EC0-301F-11D3-BF4B-00C04F79EFBC}") = "LoggerBlazor", "LoggerBlazor\LoggerBlazor.csproj", "{7D1D02DA-83E1-40A5-AD39-4F769FC0FF2C}"
EndProject
Project("{FAE04EC0-301F-11D3-BF4B-00C04F79EFBC}") = "ConsoleUpload", "ConsoleUpload\ConsoleUpload.csproj", "{B758E14A-DF67-4606-B263-92D66BBC5C82}"
EndProject
Project("{FAE04EC0-301F-11D3-BF4B-00C04F79EFBC}") = "FLDigiMonitorExample", "FLDigiMonitorExample\FLDigiMonitorExample.csproj", "{41EF4C88-2E93-488B-AF7F-A8D82A7BA595}"
EndProject
Project("{FAE04EC0-301F-11D3-BF4B-00C04F79EFBC}") = "RigctlClient", "RigctlClient\RigctlClient.csproj", "{314F980D-60EC-4869-AC6D-B361210D65A7}"
EndProject
Project("{2150E333-8FDC-42A3-9474-1A3956D46DE8}") = "MicroServices", "MicroServices", "{A9EAF0C4-DC83-4714-B299-C001A50FD9AF}"
EndProject
Project("{2150E333-8FDC-42A3-9474-1A3956D46DE8}") = "Contracts", "Contracts", "{0FFCBC9A-427E-4841-B191-1F4A55CCBC0F}"
EndProject
Project("{2150E333-8FDC-42A3-9474-1A3956D46DE8}") = "ZThrowAway", "ZThrowAway", "{B02D4D35-D48F-4490-8E5F-E342FC2EA559}"
EndProject
Project("{2150E333-8FDC-42A3-9474-1A3956D46DE8}") = "Libraries", "Libraries", "{46E72E46-026B-4064-8178-637B44E8E94E}"
EndProject
Project("{2150E333-8FDC-42A3-9474-1A3956D46DE8}") = "UI", "UI", "{9E156353-5A88-46F7-A239-188C7155FD57}"
EndProject
Project("{FAE04EC0-301F-11D3-BF4B-00C04F79EFBC}") = "LoggerWPF.Views", "LoggerWPF.Views\LoggerWPF.Views.csproj", "{D1B64EBD-D25D-4931-BB2E-58468B4E2D41}"
EndProject
Project("{FAE04EC0-301F-11D3-BF4B-00C04F79EFBC}") = "LoggerWPF.Core", "LoggerWPF.Core\LoggerWPF.Core.csproj", "{F18AADCB-A6C6-4D3F-AB65-2FDE2228249A}"
EndProject
Project("{FAE04EC0-301F-11D3-BF4B-00C04F79EFBC}") = "LoggerWPF.Test", "LoggerWPF.Test\LoggerWPF.Test.csproj", "{62EBE8B5-540C-42C9-8A60-C7F30810FEC8}"
EndProject
Global
	GlobalSection(SolutionConfigurationPlatforms) = preSolution
		Debug|Any CPU = Debug|Any CPU
		Release|Any CPU = Release|Any CPU
	EndGlobalSection
	GlobalSection(ProjectConfigurationPlatforms) = postSolution
		{B12FC16D-D5F5-474D-8F6E-4FC1DEA9F797}.Debug|Any CPU.ActiveCfg = Debug|Any CPU
		{B12FC16D-D5F5-474D-8F6E-4FC1DEA9F797}.Debug|Any CPU.Build.0 = Debug|Any CPU
		{B12FC16D-D5F5-474D-8F6E-4FC1DEA9F797}.Release|Any CPU.ActiveCfg = Release|Any CPU
		{B12FC16D-D5F5-474D-8F6E-4FC1DEA9F797}.Release|Any CPU.Build.0 = Release|Any CPU
		{BF8F9109-E485-42B7-B2E8-69B07FDF337E}.Debug|Any CPU.ActiveCfg = Debug|Any CPU
		{BF8F9109-E485-42B7-B2E8-69B07FDF337E}.Debug|Any CPU.Build.0 = Debug|Any CPU
		{BF8F9109-E485-42B7-B2E8-69B07FDF337E}.Release|Any CPU.ActiveCfg = Release|Any CPU
		{BF8F9109-E485-42B7-B2E8-69B07FDF337E}.Release|Any CPU.Build.0 = Release|Any CPU
		{274E20A8-4119-4849-AE5B-C762EF30E626}.Debug|Any CPU.ActiveCfg = Debug|Any CPU
		{274E20A8-4119-4849-AE5B-C762EF30E626}.Debug|Any CPU.Build.0 = Debug|Any CPU
		{274E20A8-4119-4849-AE5B-C762EF30E626}.Release|Any CPU.ActiveCfg = Release|Any CPU
		{274E20A8-4119-4849-AE5B-C762EF30E626}.Release|Any CPU.Build.0 = Release|Any CPU
		{C03D0770-8361-49AF-BF2B-DAD3B75B9FF5}.Debug|Any CPU.ActiveCfg = Debug|Any CPU
		{C03D0770-8361-49AF-BF2B-DAD3B75B9FF5}.Debug|Any CPU.Build.0 = Debug|Any CPU
		{C03D0770-8361-49AF-BF2B-DAD3B75B9FF5}.Release|Any CPU.ActiveCfg = Release|Any CPU
		{C03D0770-8361-49AF-BF2B-DAD3B75B9FF5}.Release|Any CPU.Build.0 = Release|Any CPU
		{E08D307A-A3B4-4A28-942F-759AA2BD86E5}.Debug|Any CPU.ActiveCfg = Debug|Any CPU
		{E08D307A-A3B4-4A28-942F-759AA2BD86E5}.Debug|Any CPU.Build.0 = Debug|Any CPU
		{E08D307A-A3B4-4A28-942F-759AA2BD86E5}.Release|Any CPU.ActiveCfg = Release|Any CPU
		{E08D307A-A3B4-4A28-942F-759AA2BD86E5}.Release|Any CPU.Build.0 = Release|Any CPU
		{7D1D02DA-83E1-40A5-AD39-4F769FC0FF2C}.Debug|Any CPU.ActiveCfg = Debug|Any CPU
		{7D1D02DA-83E1-40A5-AD39-4F769FC0FF2C}.Debug|Any CPU.Build.0 = Debug|Any CPU
		{7D1D02DA-83E1-40A5-AD39-4F769FC0FF2C}.Release|Any CPU.ActiveCfg = Release|Any CPU
		{7D1D02DA-83E1-40A5-AD39-4F769FC0FF2C}.Release|Any CPU.Build.0 = Release|Any CPU
		{B758E14A-DF67-4606-B263-92D66BBC5C82}.Debug|Any CPU.ActiveCfg = Debug|Any CPU
		{B758E14A-DF67-4606-B263-92D66BBC5C82}.Debug|Any CPU.Build.0 = Debug|Any CPU
		{B758E14A-DF67-4606-B263-92D66BBC5C82}.Release|Any CPU.ActiveCfg = Release|Any CPU
		{B758E14A-DF67-4606-B263-92D66BBC5C82}.Release|Any CPU.Build.0 = Release|Any CPU
		{41EF4C88-2E93-488B-AF7F-A8D82A7BA595}.Debug|Any CPU.ActiveCfg = Debug|Any CPU
		{41EF4C88-2E93-488B-AF7F-A8D82A7BA595}.Debug|Any CPU.Build.0 = Debug|Any CPU
		{41EF4C88-2E93-488B-AF7F-A8D82A7BA595}.Release|Any CPU.ActiveCfg = Release|Any CPU
		{41EF4C88-2E93-488B-AF7F-A8D82A7BA595}.Release|Any CPU.Build.0 = Release|Any CPU
		{314F980D-60EC-4869-AC6D-B361210D65A7}.Debug|Any CPU.ActiveCfg = Debug|Any CPU
		{314F980D-60EC-4869-AC6D-B361210D65A7}.Debug|Any CPU.Build.0 = Debug|Any CPU
		{314F980D-60EC-4869-AC6D-B361210D65A7}.Release|Any CPU.ActiveCfg = Release|Any CPU
		{314F980D-60EC-4869-AC6D-B361210D65A7}.Release|Any CPU.Build.0 = Release|Any CPU
		{D1B64EBD-D25D-4931-BB2E-58468B4E2D41}.Debug|Any CPU.ActiveCfg = Debug|Any CPU
		{D1B64EBD-D25D-4931-BB2E-58468B4E2D41}.Debug|Any CPU.Build.0 = Debug|Any CPU
		{D1B64EBD-D25D-4931-BB2E-58468B4E2D41}.Release|Any CPU.ActiveCfg = Release|Any CPU
		{D1B64EBD-D25D-4931-BB2E-58468B4E2D41}.Release|Any CPU.Build.0 = Release|Any CPU
		{F18AADCB-A6C6-4D3F-AB65-2FDE2228249A}.Debug|Any CPU.ActiveCfg = Debug|Any CPU
		{F18AADCB-A6C6-4D3F-AB65-2FDE2228249A}.Debug|Any CPU.Build.0 = Debug|Any CPU
		{F18AADCB-A6C6-4D3F-AB65-2FDE2228249A}.Release|Any CPU.ActiveCfg = Release|Any CPU
		{F18AADCB-A6C6-4D3F-AB65-2FDE2228249A}.Release|Any CPU.Build.0 = Release|Any CPU
		{62EBE8B5-540C-42C9-8A60-C7F30810FEC8}.Debug|Any CPU.ActiveCfg = Debug|Any CPU
		{62EBE8B5-540C-42C9-8A60-C7F30810FEC8}.Debug|Any CPU.Build.0 = Debug|Any CPU
		{62EBE8B5-540C-42C9-8A60-C7F30810FEC8}.Release|Any CPU.ActiveCfg = Release|Any CPU
		{62EBE8B5-540C-42C9-8A60-C7F30810FEC8}.Release|Any CPU.Build.0 = Release|Any CPU
	EndGlobalSection
	GlobalSection(SolutionProperties) = preSolution
		HideSolutionNode = FALSE
	EndGlobalSection
	GlobalSection(ExtensibilityGlobals) = postSolution
		SolutionGuid = {A468C76E-8469-4A58-93F8-7B435A30DB6D}
	EndGlobalSection
	GlobalSection(NestedProjects) = preSolution
		{C03D0770-8361-49AF-BF2B-DAD3B75B9FF5} = {A9EAF0C4-DC83-4714-B299-C001A50FD9AF}
		{274E20A8-4119-4849-AE5B-C762EF30E626} = {0FFCBC9A-427E-4841-B191-1F4A55CCBC0F}
		{B758E14A-DF67-4606-B263-92D66BBC5C82} = {B02D4D35-D48F-4490-8E5F-E342FC2EA559}
		{E08D307A-A3B4-4A28-942F-759AA2BD86E5} = {A9EAF0C4-DC83-4714-B299-C001A50FD9AF}
		{B12FC16D-D5F5-474D-8F6E-4FC1DEA9F797} = {46E72E46-026B-4064-8178-637B44E8E94E}
		{BF8F9109-E485-42B7-B2E8-69B07FDF337E} = {46E72E46-026B-4064-8178-637B44E8E94E}
		{41EF4C88-2E93-488B-AF7F-A8D82A7BA595} = {B02D4D35-D48F-4490-8E5F-E342FC2EA559}
		{7D1D02DA-83E1-40A5-AD39-4F769FC0FF2C} = {9E156353-5A88-46F7-A239-188C7155FD57}
		{314F980D-60EC-4869-AC6D-B361210D65A7} = {B02D4D35-D48F-4490-8E5F-E342FC2EA559}
		{D1B64EBD-D25D-4931-BB2E-58468B4E2D41} = {9E156353-5A88-46F7-A239-188C7155FD57}
		{F18AADCB-A6C6-4D3F-AB65-2FDE2228249A} = {9E156353-5A88-46F7-A239-188C7155FD57}
		{62EBE8B5-540C-42C9-8A60-C7F30810FEC8} = {9E156353-5A88-46F7-A239-188C7155FD57}
	EndGlobalSection
EndGlobal
